
Microsoft Visual Studio Solution File, Format Version 12.00
# Visual Studio Version 17
VisualStudioVersion = 17.3.32929.385
MinimumVisualStudioVersion = 10.0.40219.1
Project("{FAE04EC0-301F-11D3-BF4B-00C04F79EFBC}") = "RegLogin", "RegLogin.csproj", "{5B91A0A4-B24A-4BFE-933B-D9F2D29C069B}"
EndProject
Global
	GlobalSection(SolutionConfigurationPlatforms) = preSolution
		Debug|Any CPU = Debug|Any CPU
		Release|Any CPU = Release|Any CPU
	EndGlobalSection
	GlobalSection(ProjectConfigurationPlatforms) = postSolution
		{5B91A0A4-B24A-4BFE-933B-D9F2D29C069B}.Debug|Any CPU.ActiveCfg = Debug|Any CPU
		{5B91A0A4-B24A-4BFE-933B-D9F2D29C069B}.Debug|Any CPU.Build.0 = Debug|Any CPU
		{5B91A0A4-B24A-4BFE-933B-D9F2D29C069B}.Release|Any CPU.ActiveCfg = Release|Any CPU
		{5B91A0A4-B24A-4BFE-933B-D9F2D29C069B}.Release|Any CPU.Build.0 = Release|Any CPU
	EndGlobalSection
	GlobalSection(SolutionProperties) = preSolution
		HideSolutionNode = FALSE
	EndGlobalSection
	GlobalSection(ExtensibilityGlobals) = postSolution
		SolutionGuid = {BDE85D49-6BA6-442F-9AE5-85BAFDF73B1C}
	EndGlobalSection
EndGlobal
